// !$*UTF8*$!
{
	archiveVersion = 1;
	classes = {
	};
	objectVersion = 46;
	objects = {

/* Begin PBXBuildFile section */
		160FD4C2D78454226B6B3F93 /* Pods_Project342Tests.framework in Frameworks */ = {isa = PBXBuildFile; fileRef = 30B298289EF40F7674660A23 /* Pods_Project342Tests.framework */; };
		318DC7BD670D22321BC888BB /* Pods_Project342UITests.framework in Frameworks */ = {isa = PBXBuildFile; fileRef = A0F73ADE18FAC502123383AC /* Pods_Project342UITests.framework */; };
		A1083D251CEB34C600FFE32A /* ContactListTableViewCell.swift in Sources */ = {isa = PBXBuildFile; fileRef = A1083D241CEB34C600FFE32A /* ContactListTableViewCell.swift */; };
		A1083D271CEB361600FFE32A /* Assets.xcassets in Resources */ = {isa = PBXBuildFile; fileRef = A1083D261CEB361600FFE32A /* Assets.xcassets */; };
		A1083D291CEB513200FFE32A /* DictionaryExtensions.swift in Sources */ = {isa = PBXBuildFile; fileRef = A1083D281CEB513200FFE32A /* DictionaryExtensions.swift */; };
		A1A4D9C51CE86E74006AA3CF /* AppDelegate.swift in Sources */ = {isa = PBXBuildFile; fileRef = A1A4D9C41CE86E74006AA3CF /* AppDelegate.swift */; };
		A1A4D9C71CE86E74006AA3CF /* RecentChatViewController.swift in Sources */ = {isa = PBXBuildFile; fileRef = A1A4D9C61CE86E74006AA3CF /* RecentChatViewController.swift */; };
		A1A4D9C91CE86E74006AA3CF /* ContactsViewController.swift in Sources */ = {isa = PBXBuildFile; fileRef = A1A4D9C81CE86E74006AA3CF /* ContactsViewController.swift */; };
		A1A4D9CC1CE86E74006AA3CF /* Main.storyboard in Resources */ = {isa = PBXBuildFile; fileRef = A1A4D9CA1CE86E74006AA3CF /* Main.storyboard */; };
		A1A4D9D11CE86E74006AA3CF /* LaunchScreen.storyboard in Resources */ = {isa = PBXBuildFile; fileRef = A1A4D9CF1CE86E74006AA3CF /* LaunchScreen.storyboard */; };
		A1A4D9DC1CE86E74006AA3CF /* Project342Tests.swift in Sources */ = {isa = PBXBuildFile; fileRef = A1A4D9DB1CE86E74006AA3CF /* Project342Tests.swift */; };
		A1A4D9E71CE86E74006AA3CF /* Project342UITests.swift in Sources */ = {isa = PBXBuildFile; fileRef = A1A4D9E61CE86E74006AA3CF /* Project342UITests.swift */; };
		A1A4D9FC1CE8724E006AA3CF /* UserSettingsViewController.swift in Sources */ = {isa = PBXBuildFile; fileRef = A1A4D9FB1CE8724E006AA3CF /* UserSettingsViewController.swift */; };
		A1A4D9FE1CE872A4006AA3CF /* ChatRoomViewController.swift in Sources */ = {isa = PBXBuildFile; fileRef = A1A4D9FD1CE872A4006AA3CF /* ChatRoomViewController.swift */; };
		A1A4DA001CE87351006AA3CF /* AttachmentViewerViewController.swift in Sources */ = {isa = PBXBuildFile; fileRef = A1A4D9FF1CE87351006AA3CF /* AttachmentViewerViewController.swift */; };
		A1A4DA021CE87363006AA3CF /* SecretMessageViewController.swift in Sources */ = {isa = PBXBuildFile; fileRef = A1A4DA011CE87363006AA3CF /* SecretMessageViewController.swift */; };
		A1A4DA041CE87390006AA3CF /* ChatRoomSettingsViewController.swift in Sources */ = {isa = PBXBuildFile; fileRef = A1A4DA031CE87390006AA3CF /* ChatRoomSettingsViewController.swift */; };
		A1A4DA061CE873CD006AA3CF /* AddContactsViewController.swift in Sources */ = {isa = PBXBuildFile; fileRef = A1A4DA051CE873CD006AA3CF /* AddContactsViewController.swift */; };
		A1A4DA081CE879A1006AA3CF /* LoginViewController.swift in Sources */ = {isa = PBXBuildFile; fileRef = A1A4DA071CE879A1006AA3CF /* LoginViewController.swift */; };
		A1A4DA4A1CE97974006AA3CF /* Project342.xcdatamodeld in Sources */ = {isa = PBXBuildFile; fileRef = A1A4DA481CE97974006AA3CF /* Project342.xcdatamodeld */; };
		A1A4DA561CE97AE5006AA3CF /* Contact+CoreDataProperties.swift in Sources */ = {isa = PBXBuildFile; fileRef = A1A4DA541CE97AE5006AA3CF /* Contact+CoreDataProperties.swift */; };
		A1A4DA571CE97AE5006AA3CF /* Contact.swift in Sources */ = {isa = PBXBuildFile; fileRef = A1A4DA551CE97AE5006AA3CF /* Contact.swift */; };
		A1A4DA5E1CE98D06006AA3CF /* Conversation+CoreDataProperties.swift in Sources */ = {isa = PBXBuildFile; fileRef = A1A4DA581CE98D06006AA3CF /* Conversation+CoreDataProperties.swift */; };
		A1A4DA5F1CE98D06006AA3CF /* Conversation.swift in Sources */ = {isa = PBXBuildFile; fileRef = A1A4DA591CE98D06006AA3CF /* Conversation.swift */; };
		A1A4DA601CE98D06006AA3CF /* Attachment+CoreDataProperties.swift in Sources */ = {isa = PBXBuildFile; fileRef = A1A4DA5A1CE98D06006AA3CF /* Attachment+CoreDataProperties.swift */; };
		A1A4DA611CE98D06006AA3CF /* Attachment.swift in Sources */ = {isa = PBXBuildFile; fileRef = A1A4DA5B1CE98D06006AA3CF /* Attachment.swift */; };
		A1A4DA621CE98D06006AA3CF /* Message+CoreDataProperties.swift in Sources */ = {isa = PBXBuildFile; fileRef = A1A4DA5C1CE98D06006AA3CF /* Message+CoreDataProperties.swift */; };
		A1A4DA631CE98D06006AA3CF /* Message.swift in Sources */ = {isa = PBXBuildFile; fileRef = A1A4DA5D1CE98D06006AA3CF /* Message.swift */; };
		DA1C40630E55B30B7B798DCC /* Pods_Project342.framework in Frameworks */ = {isa = PBXBuildFile; fileRef = 5BE727CD3B3F5D3CF1E85860 /* Pods_Project342.framework */; };
/* End PBXBuildFile section */

/* Begin PBXContainerItemProxy section */
		A1A4D9D81CE86E74006AA3CF /* PBXContainerItemProxy */ = {
			isa = PBXContainerItemProxy;
			containerPortal = A1A4D9B91CE86E74006AA3CF /* Project object */;
			proxyType = 1;
			remoteGlobalIDString = A1A4D9C01CE86E74006AA3CF;
			remoteInfo = Project342;
		};
		A1A4D9E31CE86E74006AA3CF /* PBXContainerItemProxy */ = {
			isa = PBXContainerItemProxy;
			containerPortal = A1A4D9B91CE86E74006AA3CF /* Project object */;
			proxyType = 1;
			remoteGlobalIDString = A1A4D9C01CE86E74006AA3CF;
			remoteInfo = Project342;
		};
/* End PBXContainerItemProxy section */

/* Begin PBXFileReference section */
		1FA9651905C93DDF390B4FBF /* Pods-Project342UITests.debug.xcconfig */ = {isa = PBXFileReference; includeInIndex = 1; lastKnownFileType = text.xcconfig; name = "Pods-Project342UITests.debug.xcconfig"; path = "Pods/Target Support Files/Pods-Project342UITests/Pods-Project342UITests.debug.xcconfig"; sourceTree = "<group>"; };
		20E7928135FC046EF0466792 /* Pods-Project342Tests.debug.xcconfig */ = {isa = PBXFileReference; includeInIndex = 1; lastKnownFileType = text.xcconfig; name = "Pods-Project342Tests.debug.xcconfig"; path = "Pods/Target Support Files/Pods-Project342Tests/Pods-Project342Tests.debug.xcconfig"; sourceTree = "<group>"; };
		30B298289EF40F7674660A23 /* Pods_Project342Tests.framework */ = {isa = PBXFileReference; explicitFileType = wrapper.framework; includeInIndex = 0; path = Pods_Project342Tests.framework; sourceTree = BUILT_PRODUCTS_DIR; };
		5BE727CD3B3F5D3CF1E85860 /* Pods_Project342.framework */ = {isa = PBXFileReference; explicitFileType = wrapper.framework; includeInIndex = 0; path = Pods_Project342.framework; sourceTree = BUILT_PRODUCTS_DIR; };
		7C5ED0A635A1C317D61FA3B9 /* Pods-Project342UITests.release.xcconfig */ = {isa = PBXFileReference; includeInIndex = 1; lastKnownFileType = text.xcconfig; name = "Pods-Project342UITests.release.xcconfig"; path = "Pods/Target Support Files/Pods-Project342UITests/Pods-Project342UITests.release.xcconfig"; sourceTree = "<group>"; };
		A0F73ADE18FAC502123383AC /* Pods_Project342UITests.framework */ = {isa = PBXFileReference; explicitFileType = wrapper.framework; includeInIndex = 0; path = Pods_Project342UITests.framework; sourceTree = BUILT_PRODUCTS_DIR; };
		A1083D241CEB34C600FFE32A /* ContactListTableViewCell.swift */ = {isa = PBXFileReference; fileEncoding = 4; lastKnownFileType = sourcecode.swift; path = ContactListTableViewCell.swift; sourceTree = "<group>"; };
		A1083D261CEB361600FFE32A /* Assets.xcassets */ = {isa = PBXFileReference; lastKnownFileType = folder.assetcatalog; path = Assets.xcassets; sourceTree = "<group>"; };
		A1083D281CEB513200FFE32A /* DictionaryExtensions.swift */ = {isa = PBXFileReference; fileEncoding = 4; lastKnownFileType = sourcecode.swift; path = DictionaryExtensions.swift; sourceTree = "<group>"; };
		A1A4D9C11CE86E74006AA3CF /* Project342.app */ = {isa = PBXFileReference; explicitFileType = wrapper.application; includeInIndex = 0; path = Project342.app; sourceTree = BUILT_PRODUCTS_DIR; };
		A1A4D9C41CE86E74006AA3CF /* AppDelegate.swift */ = {isa = PBXFileReference; lastKnownFileType = sourcecode.swift; path = AppDelegate.swift; sourceTree = "<group>"; };
		A1A4D9C61CE86E74006AA3CF /* RecentChatViewController.swift */ = {isa = PBXFileReference; lastKnownFileType = sourcecode.swift; path = RecentChatViewController.swift; sourceTree = "<group>"; };
		A1A4D9C81CE86E74006AA3CF /* ContactsViewController.swift */ = {isa = PBXFileReference; lastKnownFileType = sourcecode.swift; path = ContactsViewController.swift; sourceTree = "<group>"; };
		A1A4D9CB1CE86E74006AA3CF /* Base */ = {isa = PBXFileReference; lastKnownFileType = file.storyboard; name = Base; path = Base.lproj/Main.storyboard; sourceTree = "<group>"; };
		A1A4D9D01CE86E74006AA3CF /* Base */ = {isa = PBXFileReference; lastKnownFileType = file.storyboard; name = Base; path = Base.lproj/LaunchScreen.storyboard; sourceTree = "<group>"; };
		A1A4D9D21CE86E74006AA3CF /* Info.plist */ = {isa = PBXFileReference; lastKnownFileType = text.plist.xml; path = Info.plist; sourceTree = "<group>"; };
		A1A4D9D71CE86E74006AA3CF /* Project342Tests.xctest */ = {isa = PBXFileReference; explicitFileType = wrapper.cfbundle; includeInIndex = 0; path = Project342Tests.xctest; sourceTree = BUILT_PRODUCTS_DIR; };
		A1A4D9DB1CE86E74006AA3CF /* Project342Tests.swift */ = {isa = PBXFileReference; lastKnownFileType = sourcecode.swift; path = Project342Tests.swift; sourceTree = "<group>"; };
		A1A4D9DD1CE86E74006AA3CF /* Info.plist */ = {isa = PBXFileReference; lastKnownFileType = text.plist.xml; path = Info.plist; sourceTree = "<group>"; };
		A1A4D9E21CE86E74006AA3CF /* Project342UITests.xctest */ = {isa = PBXFileReference; explicitFileType = wrapper.cfbundle; includeInIndex = 0; path = Project342UITests.xctest; sourceTree = BUILT_PRODUCTS_DIR; };
		A1A4D9E61CE86E74006AA3CF /* Project342UITests.swift */ = {isa = PBXFileReference; lastKnownFileType = sourcecode.swift; path = Project342UITests.swift; sourceTree = "<group>"; };
		A1A4D9E81CE86E74006AA3CF /* Info.plist */ = {isa = PBXFileReference; lastKnownFileType = text.plist.xml; path = Info.plist; sourceTree = "<group>"; };
		A1A4D9FB1CE8724E006AA3CF /* UserSettingsViewController.swift */ = {isa = PBXFileReference; fileEncoding = 4; lastKnownFileType = sourcecode.swift; path = UserSettingsViewController.swift; sourceTree = "<group>"; };
		A1A4D9FD1CE872A4006AA3CF /* ChatRoomViewController.swift */ = {isa = PBXFileReference; fileEncoding = 4; lastKnownFileType = sourcecode.swift; path = ChatRoomViewController.swift; sourceTree = "<group>"; };
		A1A4D9FF1CE87351006AA3CF /* AttachmentViewerViewController.swift */ = {isa = PBXFileReference; fileEncoding = 4; lastKnownFileType = sourcecode.swift; path = AttachmentViewerViewController.swift; sourceTree = "<group>"; };
		A1A4DA011CE87363006AA3CF /* SecretMessageViewController.swift */ = {isa = PBXFileReference; fileEncoding = 4; lastKnownFileType = sourcecode.swift; path = SecretMessageViewController.swift; sourceTree = "<group>"; };
		A1A4DA031CE87390006AA3CF /* ChatRoomSettingsViewController.swift */ = {isa = PBXFileReference; fileEncoding = 4; lastKnownFileType = sourcecode.swift; path = ChatRoomSettingsViewController.swift; sourceTree = "<group>"; };
		A1A4DA051CE873CD006AA3CF /* AddContactsViewController.swift */ = {isa = PBXFileReference; fileEncoding = 4; lastKnownFileType = sourcecode.swift; path = AddContactsViewController.swift; sourceTree = "<group>"; };
		A1A4DA071CE879A1006AA3CF /* LoginViewController.swift */ = {isa = PBXFileReference; fileEncoding = 4; lastKnownFileType = sourcecode.swift; path = LoginViewController.swift; sourceTree = "<group>"; };
		A1A4DA491CE97974006AA3CF /* Project342.xcdatamodel */ = {isa = PBXFileReference; lastKnownFileType = wrapper.xcdatamodel; path = Project342.xcdatamodel; sourceTree = "<group>"; };
		A1A4DA541CE97AE5006AA3CF /* Contact+CoreDataProperties.swift */ = {isa = PBXFileReference; fileEncoding = 4; lastKnownFileType = sourcecode.swift; path = "Contact+CoreDataProperties.swift"; sourceTree = "<group>"; };
		A1A4DA551CE97AE5006AA3CF /* Contact.swift */ = {isa = PBXFileReference; fileEncoding = 4; lastKnownFileType = sourcecode.swift; path = Contact.swift; sourceTree = "<group>"; };
		A1A4DA581CE98D06006AA3CF /* Conversation+CoreDataProperties.swift */ = {isa = PBXFileReference; fileEncoding = 4; lastKnownFileType = sourcecode.swift; path = "Conversation+CoreDataProperties.swift"; sourceTree = "<group>"; };
		A1A4DA591CE98D06006AA3CF /* Conversation.swift */ = {isa = PBXFileReference; fileEncoding = 4; lastKnownFileType = sourcecode.swift; path = Conversation.swift; sourceTree = "<group>"; };
		A1A4DA5A1CE98D06006AA3CF /* Attachment+CoreDataProperties.swift */ = {isa = PBXFileReference; fileEncoding = 4; lastKnownFileType = sourcecode.swift; path = "Attachment+CoreDataProperties.swift"; sourceTree = "<group>"; };
		A1A4DA5B1CE98D06006AA3CF /* Attachment.swift */ = {isa = PBXFileReference; fileEncoding = 4; lastKnownFileType = sourcecode.swift; path = Attachment.swift; sourceTree = "<group>"; };
		A1A4DA5C1CE98D06006AA3CF /* Message+CoreDataProperties.swift */ = {isa = PBXFileReference; fileEncoding = 4; lastKnownFileType = sourcecode.swift; path = "Message+CoreDataProperties.swift"; sourceTree = "<group>"; };
		A1A4DA5D1CE98D06006AA3CF /* Message.swift */ = {isa = PBXFileReference; fileEncoding = 4; lastKnownFileType = sourcecode.swift; path = Message.swift; sourceTree = "<group>"; };
		AA9C9396558ADA8F33E1D3DD /* Pods-Project342.release.xcconfig */ = {isa = PBXFileReference; includeInIndex = 1; lastKnownFileType = text.xcconfig; name = "Pods-Project342.release.xcconfig"; path = "Pods/Target Support Files/Pods-Project342/Pods-Project342.release.xcconfig"; sourceTree = "<group>"; };
		AC819E102F18403E9DE93F75 /* Pods-Project342.debug.xcconfig */ = {isa = PBXFileReference; includeInIndex = 1; lastKnownFileType = text.xcconfig; name = "Pods-Project342.debug.xcconfig"; path = "Pods/Target Support Files/Pods-Project342/Pods-Project342.debug.xcconfig"; sourceTree = "<group>"; };
		ED9AD4F5E4D2EE230EAC45B7 /* Pods-Project342Tests.release.xcconfig */ = {isa = PBXFileReference; includeInIndex = 1; lastKnownFileType = text.xcconfig; name = "Pods-Project342Tests.release.xcconfig"; path = "Pods/Target Support Files/Pods-Project342Tests/Pods-Project342Tests.release.xcconfig"; sourceTree = "<group>"; };
/* End PBXFileReference section */

/* Begin PBXFrameworksBuildPhase section */
		A1A4D9BE1CE86E74006AA3CF /* Frameworks */ = {
			isa = PBXFrameworksBuildPhase;
			buildActionMask = 2147483647;
			files = (
				DA1C40630E55B30B7B798DCC /* Pods_Project342.framework in Frameworks */,
			);
			runOnlyForDeploymentPostprocessing = 0;
		};
		A1A4D9D41CE86E74006AA3CF /* Frameworks */ = {
			isa = PBXFrameworksBuildPhase;
			buildActionMask = 2147483647;
			files = (
				160FD4C2D78454226B6B3F93 /* Pods_Project342Tests.framework in Frameworks */,
			);
			runOnlyForDeploymentPostprocessing = 0;
		};
		A1A4D9DF1CE86E74006AA3CF /* Frameworks */ = {
			isa = PBXFrameworksBuildPhase;
			buildActionMask = 2147483647;
			files = (
				318DC7BD670D22321BC888BB /* Pods_Project342UITests.framework in Frameworks */,
			);
			runOnlyForDeploymentPostprocessing = 0;
		};
/* End PBXFrameworksBuildPhase section */

/* Begin PBXGroup section */
		69A5E2D139CA43E4390E7440 /* Pods */ = {
			isa = PBXGroup;
			children = (
				AC819E102F18403E9DE93F75 /* Pods-Project342.debug.xcconfig */,
				AA9C9396558ADA8F33E1D3DD /* Pods-Project342.release.xcconfig */,
				20E7928135FC046EF0466792 /* Pods-Project342Tests.debug.xcconfig */,
				ED9AD4F5E4D2EE230EAC45B7 /* Pods-Project342Tests.release.xcconfig */,
				1FA9651905C93DDF390B4FBF /* Pods-Project342UITests.debug.xcconfig */,
				7C5ED0A635A1C317D61FA3B9 /* Pods-Project342UITests.release.xcconfig */,
			);
			name = Pods;
			sourceTree = "<group>";
		};
		A1083D231CEB347F00FFE32A /* View */ = {
			isa = PBXGroup;
			children = (
				A1083D241CEB34C600FFE32A /* ContactListTableViewCell.swift */,
			);
			name = View;
			sourceTree = "<group>";
		};
		A1083D2A1CEB513700FFE32A /* Extensions */ = {
			isa = PBXGroup;
			children = (
				A1083D281CEB513200FFE32A /* DictionaryExtensions.swift */,
			);
			name = Extensions;
			sourceTree = "<group>";
		};
		A1A4D9B81CE86E74006AA3CF = {
			isa = PBXGroup;
			children = (
				A1A4D9C31CE86E74006AA3CF /* Project342 */,
				A1A4D9DA1CE86E74006AA3CF /* Project342Tests */,
				A1A4D9E51CE86E74006AA3CF /* Project342UITests */,
				A1A4D9C21CE86E74006AA3CF /* Products */,
				69A5E2D139CA43E4390E7440 /* Pods */,
				B66EC6B818540EAD0125964A /* Frameworks */,
			);
			sourceTree = "<group>";
		};
		A1A4D9C21CE86E74006AA3CF /* Products */ = {
			isa = PBXGroup;
			children = (
				A1A4D9C11CE86E74006AA3CF /* Project342.app */,
				A1A4D9D71CE86E74006AA3CF /* Project342Tests.xctest */,
				A1A4D9E21CE86E74006AA3CF /* Project342UITests.xctest */,
			);
			name = Products;
			sourceTree = "<group>";
		};
		A1A4D9C31CE86E74006AA3CF /* Project342 */ = {
			isa = PBXGroup;
			children = (
				A1A4D9C41CE86E74006AA3CF /* AppDelegate.swift */,
				A1A4D9CA1CE86E74006AA3CF /* Main.storyboard */,
				A1A4D9CF1CE86E74006AA3CF /* LaunchScreen.storyboard */,
				A1A4D9D21CE86E74006AA3CF /* Info.plist */,
				A1083D261CEB361600FFE32A /* Assets.xcassets */,
				A1A4DA531CE97ABB006AA3CF /* CoreData */,
				A1083D2A1CEB513700FFE32A /* Extensions */,
				A1083D231CEB347F00FFE32A /* View */,
				A1A4D9FA1CE871A9006AA3CF /* ViewController */,
				A1A4DA481CE97974006AA3CF /* Project342.xcdatamodeld */,
			);
			path = Project342;
			sourceTree = "<group>";
		};
		A1A4D9DA1CE86E74006AA3CF /* Project342Tests */ = {
			isa = PBXGroup;
			children = (
				A1A4D9DB1CE86E74006AA3CF /* Project342Tests.swift */,
				A1A4D9DD1CE86E74006AA3CF /* Info.plist */,
			);
			path = Project342Tests;
			sourceTree = "<group>";
		};
		A1A4D9E51CE86E74006AA3CF /* Project342UITests */ = {
			isa = PBXGroup;
			children = (
				A1A4D9E61CE86E74006AA3CF /* Project342UITests.swift */,
				A1A4D9E81CE86E74006AA3CF /* Info.plist */,
			);
			path = Project342UITests;
			sourceTree = "<group>";
		};
		A1A4D9FA1CE871A9006AA3CF /* ViewController */ = {
			isa = PBXGroup;
			children = (
				A1A4D9C61CE86E74006AA3CF /* RecentChatViewController.swift */,
				A1A4D9C81CE86E74006AA3CF /* ContactsViewController.swift */,
				A1A4D9FB1CE8724E006AA3CF /* UserSettingsViewController.swift */,
				A1A4D9FD1CE872A4006AA3CF /* ChatRoomViewController.swift */,
				A1A4D9FF1CE87351006AA3CF /* AttachmentViewerViewController.swift */,
				A1A4DA011CE87363006AA3CF /* SecretMessageViewController.swift */,
				A1A4DA031CE87390006AA3CF /* ChatRoomSettingsViewController.swift */,
				A1A4DA051CE873CD006AA3CF /* AddContactsViewController.swift */,
				A1A4DA071CE879A1006AA3CF /* LoginViewController.swift */,
			);
			name = ViewController;
			sourceTree = "<group>";
		};
		A1A4DA531CE97ABB006AA3CF /* CoreData */ = {
			isa = PBXGroup;
			children = (
				A1A4DA581CE98D06006AA3CF /* Conversation+CoreDataProperties.swift */,
				A1A4DA591CE98D06006AA3CF /* Conversation.swift */,
				A1A4DA5A1CE98D06006AA3CF /* Attachment+CoreDataProperties.swift */,
				A1A4DA5B1CE98D06006AA3CF /* Attachment.swift */,
				A1A4DA5C1CE98D06006AA3CF /* Message+CoreDataProperties.swift */,
				A1A4DA5D1CE98D06006AA3CF /* Message.swift */,
				A1A4DA541CE97AE5006AA3CF /* Contact+CoreDataProperties.swift */,
				A1A4DA551CE97AE5006AA3CF /* Contact.swift */,
			);
			name = CoreData;
			sourceTree = "<group>";
		};
		B66EC6B818540EAD0125964A /* Frameworks */ = {
			isa = PBXGroup;
			children = (
				5BE727CD3B3F5D3CF1E85860 /* Pods_Project342.framework */,
				30B298289EF40F7674660A23 /* Pods_Project342Tests.framework */,
				A0F73ADE18FAC502123383AC /* Pods_Project342UITests.framework */,
			);
			name = Frameworks;
			sourceTree = "<group>";
		};
/* End PBXGroup section */

/* Begin PBXNativeTarget section */
		A1A4D9C01CE86E74006AA3CF /* Project342 */ = {
			isa = PBXNativeTarget;
			buildConfigurationList = A1A4D9EB1CE86E74006AA3CF /* Build configuration list for PBXNativeTarget "Project342" */;
			buildPhases = (
				FD1CA8B6ABDA1F803DE6F9AB /* 📦 Check Pods Manifest.lock */,
				A1A4D9BD1CE86E74006AA3CF /* Sources */,
				A1A4D9BE1CE86E74006AA3CF /* Frameworks */,
				A1A4D9BF1CE86E74006AA3CF /* Resources */,
				C0258071282ECA7B7E4418F9 /* 📦 Embed Pods Frameworks */,
				99936855880358CBD92AA4DD /* 📦 Copy Pods Resources */,
			);
			buildRules = (
			);
			dependencies = (
			);
			name = Project342;
			productName = Project342;
			productReference = A1A4D9C11CE86E74006AA3CF /* Project342.app */;
			productType = "com.apple.product-type.application";
		};
		A1A4D9D61CE86E74006AA3CF /* Project342Tests */ = {
			isa = PBXNativeTarget;
			buildConfigurationList = A1A4D9EE1CE86E74006AA3CF /* Build configuration list for PBXNativeTarget "Project342Tests" */;
			buildPhases = (
				1974AE426A9B011ECAB74B8D /* 📦 Check Pods Manifest.lock */,
				A1A4D9D31CE86E74006AA3CF /* Sources */,
				A1A4D9D41CE86E74006AA3CF /* Frameworks */,
				A1A4D9D51CE86E74006AA3CF /* Resources */,
				2722BBE414897D3A29120228 /* 📦 Embed Pods Frameworks */,
				EA2348D35DDBBDE09747414C /* 📦 Copy Pods Resources */,
			);
			buildRules = (
			);
			dependencies = (
				A1A4D9D91CE86E74006AA3CF /* PBXTargetDependency */,
			);
			name = Project342Tests;
			productName = Project342Tests;
			productReference = A1A4D9D71CE86E74006AA3CF /* Project342Tests.xctest */;
			productType = "com.apple.product-type.bundle.unit-test";
		};
		A1A4D9E11CE86E74006AA3CF /* Project342UITests */ = {
			isa = PBXNativeTarget;
			buildConfigurationList = A1A4D9F11CE86E74006AA3CF /* Build configuration list for PBXNativeTarget "Project342UITests" */;
			buildPhases = (
				FA42B8EFD767666FBECE62BE /* 📦 Check Pods Manifest.lock */,
				A1A4D9DE1CE86E74006AA3CF /* Sources */,
				A1A4D9DF1CE86E74006AA3CF /* Frameworks */,
				A1A4D9E01CE86E74006AA3CF /* Resources */,
				33C2B9710B969B460C9F022A /* 📦 Copy Pods Resources */,
			);
			buildRules = (
			);
			dependencies = (
				A1A4D9E41CE86E74006AA3CF /* PBXTargetDependency */,
			);
			name = Project342UITests;
			productName = Project342UITests;
			productReference = A1A4D9E21CE86E74006AA3CF /* Project342UITests.xctest */;
			productType = "com.apple.product-type.bundle.ui-testing";
		};
/* End PBXNativeTarget section */

/* Begin PBXProject section */
		A1A4D9B91CE86E74006AA3CF /* Project object */ = {
			isa = PBXProject;
			attributes = {
				LastSwiftUpdateCheck = 0720;
				LastUpgradeCheck = 0720;
				ORGANIZATIONNAME = UOW;
				TargetAttributes = {
					A1A4D9C01CE86E74006AA3CF = {
						CreatedOnToolsVersion = 7.2.1;
						DevelopmentTeam = GF4RL3W483;
						SystemCapabilities = {
							com.apple.BackgroundModes = {
								enabled = 1;
							};
							com.apple.DataProtection = {
								enabled = 1;
							};
							com.apple.Maps.iOS = {
								enabled = 0;
							};
						};
					};
					A1A4D9D61CE86E74006AA3CF = {
						CreatedOnToolsVersion = 7.2.1;
						DevelopmentTeam = GF4RL3W483;
						TestTargetID = A1A4D9C01CE86E74006AA3CF;
					};
					A1A4D9E11CE86E74006AA3CF = {
						CreatedOnToolsVersion = 7.2.1;
						DevelopmentTeam = GF4RL3W483;
						TestTargetID = A1A4D9C01CE86E74006AA3CF;
					};
				};
			};
			buildConfigurationList = A1A4D9BC1CE86E74006AA3CF /* Build configuration list for PBXProject "Project342" */;
			compatibilityVersion = "Xcode 3.2";
			developmentRegion = English;
			hasScannedForEncodings = 0;
			knownRegions = (
				en,
				Base,
			);
			mainGroup = A1A4D9B81CE86E74006AA3CF;
			productRefGroup = A1A4D9C21CE86E74006AA3CF /* Products */;
			projectDirPath = "";
			projectRoot = "";
			targets = (
				A1A4D9C01CE86E74006AA3CF /* Project342 */,
				A1A4D9D61CE86E74006AA3CF /* Project342Tests */,
				A1A4D9E11CE86E74006AA3CF /* Project342UITests */,
			);
		};
/* End PBXProject section */

/* Begin PBXResourcesBuildPhase section */
		A1A4D9BF1CE86E74006AA3CF /* Resources */ = {
			isa = PBXResourcesBuildPhase;
			buildActionMask = 2147483647;
			files = (
				A1A4D9D11CE86E74006AA3CF /* LaunchScreen.storyboard in Resources */,
				A1083D271CEB361600FFE32A /* Assets.xcassets in Resources */,
				A1A4D9CC1CE86E74006AA3CF /* Main.storyboard in Resources */,
			);
			runOnlyForDeploymentPostprocessing = 0;
		};
		A1A4D9D51CE86E74006AA3CF /* Resources */ = {
			isa = PBXResourcesBuildPhase;
			buildActionMask = 2147483647;
			files = (
			);
			runOnlyForDeploymentPostprocessing = 0;
		};
		A1A4D9E01CE86E74006AA3CF /* Resources */ = {
			isa = PBXResourcesBuildPhase;
			buildActionMask = 2147483647;
			files = (
			);
			runOnlyForDeploymentPostprocessing = 0;
		};
/* End PBXResourcesBuildPhase section */

/* Begin PBXShellScriptBuildPhase section */
		1974AE426A9B011ECAB74B8D /* 📦 Check Pods Manifest.lock */ = {
			isa = PBXShellScriptBuildPhase;
			buildActionMask = 2147483647;
			files = (
			);
			inputPaths = (
			);
			name = "📦 Check Pods Manifest.lock";
			outputPaths = (
			);
			runOnlyForDeploymentPostprocessing = 0;
			shellPath = /bin/sh;
			shellScript = "diff \"${PODS_ROOT}/../Podfile.lock\" \"${PODS_ROOT}/Manifest.lock\" > /dev/null\nif [[ $? != 0 ]] ; then\n    cat << EOM\nerror: The sandbox is not in sync with the Podfile.lock. Run 'pod install' or update your CocoaPods installation.\nEOM\n    exit 1\nfi\n";
			showEnvVarsInLog = 0;
		};
		2722BBE414897D3A29120228 /* 📦 Embed Pods Frameworks */ = {
			isa = PBXShellScriptBuildPhase;
			buildActionMask = 2147483647;
			files = (
			);
			inputPaths = (
			);
			name = "📦 Embed Pods Frameworks";
			outputPaths = (
			);
			runOnlyForDeploymentPostprocessing = 0;
			shellPath = /bin/sh;
			shellScript = "\"${SRCROOT}/Pods/Target Support Files/Pods-Project342Tests/Pods-Project342Tests-frameworks.sh\"\n";
			showEnvVarsInLog = 0;
		};
		33C2B9710B969B460C9F022A /* 📦 Copy Pods Resources */ = {
			isa = PBXShellScriptBuildPhase;
			buildActionMask = 2147483647;
			files = (
			);
			inputPaths = (
			);
			name = "📦 Copy Pods Resources";
			outputPaths = (
			);
			runOnlyForDeploymentPostprocessing = 0;
			shellPath = /bin/sh;
			shellScript = "\"${SRCROOT}/Pods/Target Support Files/Pods-Project342UITests/Pods-Project342UITests-resources.sh\"\n";
			showEnvVarsInLog = 0;
		};
		99936855880358CBD92AA4DD /* 📦 Copy Pods Resources */ = {
			isa = PBXShellScriptBuildPhase;
			buildActionMask = 2147483647;
			files = (
			);
			inputPaths = (
			);
			name = "📦 Copy Pods Resources";
			outputPaths = (
			);
			runOnlyForDeploymentPostprocessing = 0;
			shellPath = /bin/sh;
			shellScript = "\"${SRCROOT}/Pods/Target Support Files/Pods-Project342/Pods-Project342-resources.sh\"\n";
			showEnvVarsInLog = 0;
		};
		C0258071282ECA7B7E4418F9 /* 📦 Embed Pods Frameworks */ = {
			isa = PBXShellScriptBuildPhase;
			buildActionMask = 2147483647;
			files = (
			);
			inputPaths = (
			);
			name = "📦 Embed Pods Frameworks";
			outputPaths = (
			);
			runOnlyForDeploymentPostprocessing = 0;
			shellPath = /bin/sh;
			shellScript = "\"${SRCROOT}/Pods/Target Support Files/Pods-Project342/Pods-Project342-frameworks.sh\"\n";
			showEnvVarsInLog = 0;
		};
		EA2348D35DDBBDE09747414C /* 📦 Copy Pods Resources */ = {
			isa = PBXShellScriptBuildPhase;
			buildActionMask = 2147483647;
			files = (
			);
			inputPaths = (
			);
			name = "📦 Copy Pods Resources";
			outputPaths = (
			);
			runOnlyForDeploymentPostprocessing = 0;
			shellPath = /bin/sh;
			shellScript = "\"${SRCROOT}/Pods/Target Support Files/Pods-Project342Tests/Pods-Project342Tests-resources.sh\"\n";
			showEnvVarsInLog = 0;
		};
		FA42B8EFD767666FBECE62BE /* 📦 Check Pods Manifest.lock */ = {
			isa = PBXShellScriptBuildPhase;
			buildActionMask = 2147483647;
			files = (
			);
			inputPaths = (
			);
			name = "📦 Check Pods Manifest.lock";
			outputPaths = (
			);
			runOnlyForDeploymentPostprocessing = 0;
			shellPath = /bin/sh;
			shellScript = "diff \"${PODS_ROOT}/../Podfile.lock\" \"${PODS_ROOT}/Manifest.lock\" > /dev/null\nif [[ $? != 0 ]] ; then\n    cat << EOM\nerror: The sandbox is not in sync with the Podfile.lock. Run 'pod install' or update your CocoaPods installation.\nEOM\n    exit 1\nfi\n";
			showEnvVarsInLog = 0;
		};
		FD1CA8B6ABDA1F803DE6F9AB /* 📦 Check Pods Manifest.lock */ = {
			isa = PBXShellScriptBuildPhase;
			buildActionMask = 2147483647;
			files = (
			);
			inputPaths = (
			);
			name = "📦 Check Pods Manifest.lock";
			outputPaths = (
			);
			runOnlyForDeploymentPostprocessing = 0;
			shellPath = /bin/sh;
			shellScript = "diff \"${PODS_ROOT}/../Podfile.lock\" \"${PODS_ROOT}/Manifest.lock\" > /dev/null\nif [[ $? != 0 ]] ; then\n    cat << EOM\nerror: The sandbox is not in sync with the Podfile.lock. Run 'pod install' or update your CocoaPods installation.\nEOM\n    exit 1\nfi\n";
			showEnvVarsInLog = 0;
		};
/* End PBXShellScriptBuildPhase section */

/* Begin PBXSourcesBuildPhase section */
		A1A4D9BD1CE86E74006AA3CF /* Sources */ = {
			isa = PBXSourcesBuildPhase;
			buildActionMask = 2147483647;
			files = (
				A1A4DA571CE97AE5006AA3CF /* Contact.swift in Sources */,
				A1A4DA561CE97AE5006AA3CF /* Contact+CoreDataProperties.swift in Sources */,
				A1A4DA601CE98D06006AA3CF /* Attachment+CoreDataProperties.swift in Sources */,
				A1A4DA4A1CE97974006AA3CF /* Project342.xcdatamodeld in Sources */,
				A1A4DA5F1CE98D06006AA3CF /* Conversation.swift in Sources */,
				A1A4DA061CE873CD006AA3CF /* AddContactsViewController.swift in Sources */,
				A1A4DA611CE98D06006AA3CF /* Attachment.swift in Sources */,
				A1A4DA631CE98D06006AA3CF /* Message.swift in Sources */,
				A1083D291CEB513200FFE32A /* DictionaryExtensions.swift in Sources */,
				A1A4D9FC1CE8724E006AA3CF /* UserSettingsViewController.swift in Sources */,
				A1A4D9C91CE86E74006AA3CF /* ContactsViewController.swift in Sources */,
				A1A4D9FE1CE872A4006AA3CF /* ChatRoomViewController.swift in Sources */,
				A1A4DA001CE87351006AA3CF /* AttachmentViewerViewController.swift in Sources */,
				A1083D251CEB34C600FFE32A /* ContactListTableViewCell.swift in Sources */,
				A1A4DA5E1CE98D06006AA3CF /* Conversation+CoreDataProperties.swift in Sources */,
				A1A4DA041CE87390006AA3CF /* ChatRoomSettingsViewController.swift in Sources */,
				A1A4DA021CE87363006AA3CF /* SecretMessageViewController.swift in Sources */,
				A1A4DA621CE98D06006AA3CF /* Message+CoreDataProperties.swift in Sources */,
				A1A4D9C51CE86E74006AA3CF /* AppDelegate.swift in Sources */,
				A1A4DA081CE879A1006AA3CF /* LoginViewController.swift in Sources */,
				A1A4D9C71CE86E74006AA3CF /* RecentChatViewController.swift in Sources */,
			);
			runOnlyForDeploymentPostprocessing = 0;
		};
		A1A4D9D31CE86E74006AA3CF /* Sources */ = {
			isa = PBXSourcesBuildPhase;
			buildActionMask = 2147483647;
			files = (
				A1A4D9DC1CE86E74006AA3CF /* Project342Tests.swift in Sources */,
			);
			runOnlyForDeploymentPostprocessing = 0;
		};
		A1A4D9DE1CE86E74006AA3CF /* Sources */ = {
			isa = PBXSourcesBuildPhase;
			buildActionMask = 2147483647;
			files = (
				A1A4D9E71CE86E74006AA3CF /* Project342UITests.swift in Sources */,
			);
			runOnlyForDeploymentPostprocessing = 0;
		};
/* End PBXSourcesBuildPhase section */

/* Begin PBXTargetDependency section */
		A1A4D9D91CE86E74006AA3CF /* PBXTargetDependency */ = {
			isa = PBXTargetDependency;
			target = A1A4D9C01CE86E74006AA3CF /* Project342 */;
			targetProxy = A1A4D9D81CE86E74006AA3CF /* PBXContainerItemProxy */;
		};
		A1A4D9E41CE86E74006AA3CF /* PBXTargetDependency */ = {
			isa = PBXTargetDependency;
			target = A1A4D9C01CE86E74006AA3CF /* Project342 */;
			targetProxy = A1A4D9E31CE86E74006AA3CF /* PBXContainerItemProxy */;
		};
/* End PBXTargetDependency section */

/* Begin PBXVariantGroup section */
		A1A4D9CA1CE86E74006AA3CF /* Main.storyboard */ = {
			isa = PBXVariantGroup;
			children = (
				A1A4D9CB1CE86E74006AA3CF /* Base */,
			);
			name = Main.storyboard;
			sourceTree = "<group>";
		};
		A1A4D9CF1CE86E74006AA3CF /* LaunchScreen.storyboard */ = {
			isa = PBXVariantGroup;
			children = (
				A1A4D9D01CE86E74006AA3CF /* Base */,
			);
			name = LaunchScreen.storyboard;
			sourceTree = "<group>";
		};
/* End PBXVariantGroup section */

/* Begin XCBuildConfiguration section */
		A1A4D9E91CE86E74006AA3CF /* Debug */ = {
			isa = XCBuildConfiguration;
			buildSettings = {
				ALWAYS_SEARCH_USER_PATHS = NO;
				CLANG_CXX_LANGUAGE_STANDARD = "gnu++0x";
				CLANG_CXX_LIBRARY = "libc++";
				CLANG_ENABLE_MODULES = YES;
				CLANG_ENABLE_OBJC_ARC = YES;
				CLANG_WARN_BOOL_CONVERSION = YES;
				CLANG_WARN_CONSTANT_CONVERSION = YES;
				CLANG_WARN_DIRECT_OBJC_ISA_USAGE = YES_ERROR;
				CLANG_WARN_EMPTY_BODY = YES;
				CLANG_WARN_ENUM_CONVERSION = YES;
				CLANG_WARN_INT_CONVERSION = YES;
				CLANG_WARN_OBJC_ROOT_CLASS = YES_ERROR;
				CLANG_WARN_UNREACHABLE_CODE = YES;
				CLANG_WARN__DUPLICATE_METHOD_MATCH = YES;
				"CODE_SIGN_IDENTITY[sdk=iphoneos*]" = "iPhone Developer";
				COPY_PHASE_STRIP = NO;
				DEBUG_INFORMATION_FORMAT = dwarf;
				ENABLE_STRICT_OBJC_MSGSEND = YES;
				ENABLE_TESTABILITY = YES;
				GCC_C_LANGUAGE_STANDARD = gnu99;
				GCC_DYNAMIC_NO_PIC = NO;
				GCC_NO_COMMON_BLOCKS = YES;
				GCC_OPTIMIZATION_LEVEL = 0;
				GCC_PREPROCESSOR_DEFINITIONS = (
					"DEBUG=1",
					"$(inherited)",
				);
				GCC_WARN_64_TO_32_BIT_CONVERSION = YES;
				GCC_WARN_ABOUT_RETURN_TYPE = YES_ERROR;
				GCC_WARN_UNDECLARED_SELECTOR = YES;
				GCC_WARN_UNINITIALIZED_AUTOS = YES_AGGRESSIVE;
				GCC_WARN_UNUSED_FUNCTION = YES;
				GCC_WARN_UNUSED_VARIABLE = YES;
				IPHONEOS_DEPLOYMENT_TARGET = 9.2;
				MTL_ENABLE_DEBUG_INFO = YES;
				ONLY_ACTIVE_ARCH = YES;
				SDKROOT = iphoneos;
				SWIFT_OPTIMIZATION_LEVEL = "-Onone";
				TARGETED_DEVICE_FAMILY = "1,2";
			};
			name = Debug;
		};
		A1A4D9EA1CE86E74006AA3CF /* Release */ = {
			isa = XCBuildConfiguration;
			buildSettings = {
				ALWAYS_SEARCH_USER_PATHS = NO;
				CLANG_CXX_LANGUAGE_STANDARD = "gnu++0x";
				CLANG_CXX_LIBRARY = "libc++";
				CLANG_ENABLE_MODULES = YES;
				CLANG_ENABLE_OBJC_ARC = YES;
				CLANG_WARN_BOOL_CONVERSION = YES;
				CLANG_WARN_CONSTANT_CONVERSION = YES;
				CLANG_WARN_DIRECT_OBJC_ISA_USAGE = YES_ERROR;
				CLANG_WARN_EMPTY_BODY = YES;
				CLANG_WARN_ENUM_CONVERSION = YES;
				CLANG_WARN_INT_CONVERSION = YES;
				CLANG_WARN_OBJC_ROOT_CLASS = YES_ERROR;
				CLANG_WARN_UNREACHABLE_CODE = YES;
				CLANG_WARN__DUPLICATE_METHOD_MATCH = YES;
				"CODE_SIGN_IDENTITY[sdk=iphoneos*]" = "iPhone Developer";
				COPY_PHASE_STRIP = NO;
				DEBUG_INFORMATION_FORMAT = "dwarf-with-dsym";
				ENABLE_NS_ASSERTIONS = NO;
				ENABLE_STRICT_OBJC_MSGSEND = YES;
				GCC_C_LANGUAGE_STANDARD = gnu99;
				GCC_NO_COMMON_BLOCKS = YES;
				GCC_WARN_64_TO_32_BIT_CONVERSION = YES;
				GCC_WARN_ABOUT_RETURN_TYPE = YES_ERROR;
				GCC_WARN_UNDECLARED_SELECTOR = YES;
				GCC_WARN_UNINITIALIZED_AUTOS = YES_AGGRESSIVE;
				GCC_WARN_UNUSED_FUNCTION = YES;
				GCC_WARN_UNUSED_VARIABLE = YES;
				IPHONEOS_DEPLOYMENT_TARGET = 9.2;
				MTL_ENABLE_DEBUG_INFO = NO;
				SDKROOT = iphoneos;
				TARGETED_DEVICE_FAMILY = "1,2";
				VALIDATE_PRODUCT = YES;
			};
			name = Release;
		};
		A1A4D9EC1CE86E74006AA3CF /* Debug */ = {
			isa = XCBuildConfiguration;
			baseConfigurationReference = AC819E102F18403E9DE93F75 /* Pods-Project342.debug.xcconfig */;
			buildSettings = {
				ASSETCATALOG_COMPILER_APPICON_NAME = AppIcon;
				CODE_SIGN_IDENTITY = "iPhone Developer";
				"CODE_SIGN_IDENTITY[sdk=iphoneos*]" = "iPhone Developer";
				INFOPLIST_FILE = Project342/Info.plist;
				LD_RUNPATH_SEARCH_PATHS = "$(inherited) @executable_path/Frameworks";
				PRODUCT_BUNDLE_IDENTIFIER = au.edu.uow.Project342;
				PRODUCT_NAME = "$(TARGET_NAME)";
				PROVISIONING_PROFILE = "";
			};
			name = Debug;
		};
		A1A4D9ED1CE86E74006AA3CF /* Release */ = {
			isa = XCBuildConfiguration;
			baseConfigurationReference = AA9C9396558ADA8F33E1D3DD /* Pods-Project342.release.xcconfig */;
			buildSettings = {
				ASSETCATALOG_COMPILER_APPICON_NAME = AppIcon;
				CODE_SIGN_IDENTITY = "iPhone Developer";
				"CODE_SIGN_IDENTITY[sdk=iphoneos*]" = "iPhone Developer";
				INFOPLIST_FILE = Project342/Info.plist;
				LD_RUNPATH_SEARCH_PATHS = "$(inherited) @executable_path/Frameworks";
				PRODUCT_BUNDLE_IDENTIFIER = au.edu.uow.Project342;
				PRODUCT_NAME = "$(TARGET_NAME)";
				PROVISIONING_PROFILE = "";
			};
			name = Release;
		};
		A1A4D9EF1CE86E74006AA3CF /* Debug */ = {
			isa = XCBuildConfiguration;
			baseConfigurationReference = 20E7928135FC046EF0466792 /* Pods-Project342Tests.debug.xcconfig */;
			buildSettings = {
				BUNDLE_LOADER = "$(TEST_HOST)";
				INFOPLIST_FILE = Project342Tests/Info.plist;
				LD_RUNPATH_SEARCH_PATHS = "$(inherited) @executable_path/Frameworks @loader_path/Frameworks";
				PRODUCT_BUNDLE_IDENTIFIER = au.edu.uow.Project342Tests;
				PRODUCT_NAME = "$(TARGET_NAME)";
				TEST_HOST = "$(BUILT_PRODUCTS_DIR)/Project342.app/Project342";
			};
			name = Debug;
		};
		A1A4D9F01CE86E74006AA3CF /* Release */ = {
			isa = XCBuildConfiguration;
			baseConfigurationReference = ED9AD4F5E4D2EE230EAC45B7 /* Pods-Project342Tests.release.xcconfig */;
			buildSettings = {
				BUNDLE_LOADER = "$(TEST_HOST)";
				INFOPLIST_FILE = Project342Tests/Info.plist;
				LD_RUNPATH_SEARCH_PATHS = "$(inherited) @executable_path/Frameworks @loader_path/Frameworks";
				PRODUCT_BUNDLE_IDENTIFIER = au.edu.uow.Project342Tests;
				PRODUCT_NAME = "$(TARGET_NAME)";
				TEST_HOST = "$(BUILT_PRODUCTS_DIR)/Project342.app/Project342";
			};
			name = Release;
		};
		A1A4D9F21CE86E74006AA3CF /* Debug */ = {
			isa = XCBuildConfiguration;
			baseConfigurationReference = 1FA9651905C93DDF390B4FBF /* Pods-Project342UITests.debug.xcconfig */;
			buildSettings = {
				INFOPLIST_FILE = Project342UITests/Info.plist;
				LD_RUNPATH_SEARCH_PATHS = "$(inherited) @executable_path/Frameworks @loader_path/Frameworks";
				PRODUCT_BUNDLE_IDENTIFIER = au.edu.uow.Project342UITests;
				PRODUCT_NAME = "$(TARGET_NAME)";
				TEST_TARGET_NAME = Project342;
				USES_XCTRUNNER = YES;
			};
			name = Debug;
		};
		A1A4D9F31CE86E74006AA3CF /* Release */ = {
			isa = XCBuildConfiguration;
			baseConfigurationReference = 7C5ED0A635A1C317D61FA3B9 /* Pods-Project342UITests.release.xcconfig */;
			buildSettings = {
				INFOPLIST_FILE = Project342UITests/Info.plist;
				LD_RUNPATH_SEARCH_PATHS = "$(inherited) @executable_path/Frameworks @loader_path/Frameworks";
				PRODUCT_BUNDLE_IDENTIFIER = au.edu.uow.Project342UITests;
				PRODUCT_NAME = "$(TARGET_NAME)";
				TEST_TARGET_NAME = Project342;
				USES_XCTRUNNER = YES;
			};
			name = Release;
		};
/* End XCBuildConfiguration section */

/* Begin XCConfigurationList section */
		A1A4D9BC1CE86E74006AA3CF /* Build configuration list for PBXProject "Project342" */ = {
			isa = XCConfigurationList;
			buildConfigurations = (
				A1A4D9E91CE86E74006AA3CF /* Debug */,
				A1A4D9EA1CE86E74006AA3CF /* Release */,
			);
			defaultConfigurationIsVisible = 0;
			defaultConfigurationName = Release;
		};
		A1A4D9EB1CE86E74006AA3CF /* Build configuration list for PBXNativeTarget "Project342" */ = {
			isa = XCConfigurationList;
			buildConfigurations = (
				A1A4D9EC1CE86E74006AA3CF /* Debug */,
				A1A4D9ED1CE86E74006AA3CF /* Release */,
			);
			defaultConfigurationIsVisible = 0;
			defaultConfigurationName = Release;
		};
		A1A4D9EE1CE86E74006AA3CF /* Build configuration list for PBXNativeTarget "Project342Tests" */ = {
			isa = XCConfigurationList;
			buildConfigurations = (
				A1A4D9EF1CE86E74006AA3CF /* Debug */,
				A1A4D9F01CE86E74006AA3CF /* Release */,
			);
			defaultConfigurationIsVisible = 0;
			defaultConfigurationName = Release;
		};
		A1A4D9F11CE86E74006AA3CF /* Build configuration list for PBXNativeTarget "Project342UITests" */ = {
			isa = XCConfigurationList;
			buildConfigurations = (
				A1A4D9F21CE86E74006AA3CF /* Debug */,
				A1A4D9F31CE86E74006AA3CF /* Release */,
			);
			defaultConfigurationIsVisible = 0;
			defaultConfigurationName = Release;
		};
/* End XCConfigurationList section */

/* Begin XCVersionGroup section */
		A1A4DA481CE97974006AA3CF /* Project342.xcdatamodeld */ = {
			isa = XCVersionGroup;
			children = (
				A1A4DA491CE97974006AA3CF /* Project342.xcdatamodel */,
			);
			currentVersion = A1A4DA491CE97974006AA3CF /* Project342.xcdatamodel */;
			path = Project342.xcdatamodeld;
			sourceTree = "<group>";
			versionGroupType = wrapper.xcdatamodel;
		};
/* End XCVersionGroup section */
	};
	rootObject = A1A4D9B91CE86E74006AA3CF /* Project object */;
}
